
Microsoft Visual Studio Solution File, Format Version 12.00
# Visual Studio 14
VisualStudioVersion = 14.0.25420.1
MinimumVisualStudioVersion = 10.0.40219.1
Project("{FAE04EC0-301F-11D3-BF4B-00C04F79EFBC}") = "UCR.Negotium.DataAccess", "UCR.Negotium.DataAccess\UCR.Negotium.DataAccess.csproj", "{858F9A52-DADF-4C16-9D2C-83932906CE55}"
EndProject
Project("{FAE04EC0-301F-11D3-BF4B-00C04F79EFBC}") = "UCR.Negotium.Domain", "UCR.Negotium.Domain\UCR.Negotium.Domain.csproj", "{37573984-06BA-43F0-8AAC-0D8CAAA97867}"
EndProject
Project("{FAE04EC0-301F-11D3-BF4B-00C04F79EFBC}") = "UCR.Negotium", "UCR.Negotium\UCR.Negotium.csproj", "{0E4A0C2E-8313-430E-AC03-20488A349FEA}"
EndProject
Project("{2150E333-8FDC-42A3-9474-1A3956D46DE8}") = "UCR.Librerias", "UCR.Librerias", "{65042E02-BA37-4677-9540-7212B1746210}"
	ProjectSection(SolutionItems) = preProject
		UCR.Librerias\Commons.dll = UCR.Librerias\Commons.dll
		UCR.Librerias\log4net.dll = UCR.Librerias\log4net.dll
		UCR.Librerias\Negotium.Core.1.0.0.nupkg = UCR.Librerias\Negotium.Core.1.0.0.nupkg
		UCR.Librerias\NVelocity.dll = UCR.Librerias\NVelocity.dll
		UCR.Librerias\System.Data.SQLite.dll = UCR.Librerias\System.Data.SQLite.dll
	EndProjectSection
EndProject
Project("{FAE04EC0-301F-11D3-BF4B-00C04F79EFBC}") = "UCR.Negotium.Base", "UCR.Negotium.Base\UCR.Negotium.Base.csproj", "{3DD443A4-EBEC-4AFC-9870-C8DD79CD20D7}"
EndProject
Project("{54435603-DBB4-11D2-8724-00A0C9A8B90C}") = "Negotium 1.0", "Negotium 1.0\Negotium 1.0.vdproj", "{D6A5D67D-0C88-40BF-8D55-F482C88DD03D}"
EndProject
Global
	GlobalSection(SolutionConfigurationPlatforms) = preSolution
		Debug|Any CPU = Debug|Any CPU
		Release|Any CPU = Release|Any CPU
	EndGlobalSection
	GlobalSection(ProjectConfigurationPlatforms) = postSolution
		{858F9A52-DADF-4C16-9D2C-83932906CE55}.Debug|Any CPU.ActiveCfg = Debug|Any CPU
		{858F9A52-DADF-4C16-9D2C-83932906CE55}.Debug|Any CPU.Build.0 = Debug|Any CPU
		{858F9A52-DADF-4C16-9D2C-83932906CE55}.Release|Any CPU.ActiveCfg = Release|Any CPU
		{858F9A52-DADF-4C16-9D2C-83932906CE55}.Release|Any CPU.Build.0 = Release|Any CPU
		{37573984-06BA-43F0-8AAC-0D8CAAA97867}.Debug|Any CPU.ActiveCfg = Debug|Any CPU
		{37573984-06BA-43F0-8AAC-0D8CAAA97867}.Debug|Any CPU.Build.0 = Debug|Any CPU
		{37573984-06BA-43F0-8AAC-0D8CAAA97867}.Release|Any CPU.ActiveCfg = Release|Any CPU
		{37573984-06BA-43F0-8AAC-0D8CAAA97867}.Release|Any CPU.Build.0 = Release|Any CPU
		{0E4A0C2E-8313-430E-AC03-20488A349FEA}.Debug|Any CPU.ActiveCfg = Debug|Any CPU
		{0E4A0C2E-8313-430E-AC03-20488A349FEA}.Debug|Any CPU.Build.0 = Debug|Any CPU
		{0E4A0C2E-8313-430E-AC03-20488A349FEA}.Release|Any CPU.ActiveCfg = Release|Any CPU
		{0E4A0C2E-8313-430E-AC03-20488A349FEA}.Release|Any CPU.Build.0 = Release|Any CPU
		{3DD443A4-EBEC-4AFC-9870-C8DD79CD20D7}.Debug|Any CPU.ActiveCfg = Debug|Any CPU
		{3DD443A4-EBEC-4AFC-9870-C8DD79CD20D7}.Debug|Any CPU.Build.0 = Debug|Any CPU
		{3DD443A4-EBEC-4AFC-9870-C8DD79CD20D7}.Release|Any CPU.ActiveCfg = Release|Any CPU
		{3DD443A4-EBEC-4AFC-9870-C8DD79CD20D7}.Release|Any CPU.Build.0 = Release|Any CPU
		{D6A5D67D-0C88-40BF-8D55-F482C88DD03D}.Debug|Any CPU.ActiveCfg = Debug
		{D6A5D67D-0C88-40BF-8D55-F482C88DD03D}.Release|Any CPU.ActiveCfg = Release
	EndGlobalSection
	GlobalSection(SolutionProperties) = preSolution
		HideSolutionNode = FALSE
	EndGlobalSection
EndGlobal
